
Microsoft Visual Studio Solution File, Format Version 12.00
# Visual Studio Version 16
VisualStudioVersion = 16.0.31205.134
MinimumVisualStudioVersion = 10.0.40219.1
Project("{FAE04EC0-301F-11D3-BF4B-00C04F79EFBC}") = "vapor", "vapor\vapor.csproj", "{6AD6F97C-0A48-45EE-8CD6-BC5C2B12C024}"
EndProject
Global
	GlobalSection(SolutionConfigurationPlatforms) = preSolution
		Debug|Any CPU = Debug|Any CPU
		Release|Any CPU = Release|Any CPU
	EndGlobalSection
	GlobalSection(ProjectConfigurationPlatforms) = postSolution
		{6AD6F97C-0A48-45EE-8CD6-BC5C2B12C024}.Debug|Any CPU.ActiveCfg = Debug|Any CPU
		{6AD6F97C-0A48-45EE-8CD6-BC5C2B12C024}.Debug|Any CPU.Build.0 = Debug|Any CPU
		{6AD6F97C-0A48-45EE-8CD6-BC5C2B12C024}.Release|Any CPU.ActiveCfg = Release|Any CPU
		{6AD6F97C-0A48-45EE-8CD6-BC5C2B12C024}.Release|Any CPU.Build.0 = Release|Any CPU
	EndGlobalSection
	GlobalSection(SolutionProperties) = preSolution
		HideSolutionNode = FALSE
	EndGlobalSection
	GlobalSection(ExtensibilityGlobals) = postSolution
		SolutionGuid = {3F1363E4-825F-4557-B49B-EACB9AD827DD}
	EndGlobalSection
EndGlobal
